
Microsoft Visual Studio Solution File, Format Version 12.00
# Visual Studio Version 17
VisualStudioVersion = 17.0.31903.59
MinimumVisualStudioVersion = 10.0.40219.1
Project("{9A19103F-16F7-4668-BE54-9A1E7A4F7556}") = "Main.Api", "Main.Api\Main.Api.csproj", "{A6B73685-2563-44E4-B9CE-581CA4BE344B}"
EndProject
Project("{9A19103F-16F7-4668-BE54-9A1E7A4F7556}") = "Main.Application", "Main.Application\Main.Application.csproj", "{32E2F07F-267C-47CD-9907-8B9A546BAEB6}"
EndProject
Project("{9A19103F-16F7-4668-BE54-9A1E7A4F7556}") = "Main.Contracts", "Main.Contracts\Main.Contracts.csproj", "{C283FED5-724C-4FEA-88C8-026A941849A8}"
EndProject
Project("{9A19103F-16F7-4668-BE54-9A1E7A4F7556}") = "Main.Domain", "Main.Domain\Main.Domain.csproj", "{F74261CA-1002-4F72-9329-83F85EBC3C46}"
EndProject
Project("{9A19103F-16F7-4668-BE54-9A1E7A4F7556}") = "Main.Infrastructure", "Main.Infrastructure\Main.Infrastructure.csproj", "{BEC83E24-0A91-46D6-9155-BDB17967911E}"
EndProject
Project("{2150E333-8FDC-42A3-9474-1A3956D46DE8}") = "0 - Domain", "0 - Domain", "{FE005F34-4419-49BA-ADB6-50A44262D498}"
EndProject
Project("{2150E333-8FDC-42A3-9474-1A3956D46DE8}") = "1 - Application", "1 - Application", "{8CBA5350-9C15-41FA-9852-5B6CF92E2F4F}"
EndProject
Project("{2150E333-8FDC-42A3-9474-1A3956D46DE8}") = "2 - Infrastructure", "2 - Infrastructure", "{3AF90243-304E-4B8B-8EF9-0EE8842437BB}"
EndProject
Project("{2150E333-8FDC-42A3-9474-1A3956D46DE8}") = "3 - Presentation", "3 - Presentation", "{E892A072-C9B7-4B17-AC82-B7F97B431C46}"
EndProject
Global
	GlobalSection(SolutionConfigurationPlatforms) = preSolution
		Debug|Any CPU = Debug|Any CPU
		Release|Any CPU = Release|Any CPU
	EndGlobalSection
	GlobalSection(ProjectConfigurationPlatforms) = postSolution
		{A6B73685-2563-44E4-B9CE-581CA4BE344B}.Debug|Any CPU.ActiveCfg = Debug|Any CPU
		{A6B73685-2563-44E4-B9CE-581CA4BE344B}.Debug|Any CPU.Build.0 = Debug|Any CPU
		{A6B73685-2563-44E4-B9CE-581CA4BE344B}.Release|Any CPU.ActiveCfg = Release|Any CPU
		{A6B73685-2563-44E4-B9CE-581CA4BE344B}.Release|Any CPU.Build.0 = Release|Any CPU
		{32E2F07F-267C-47CD-9907-8B9A546BAEB6}.Debug|Any CPU.ActiveCfg = Debug|Any CPU
		{32E2F07F-267C-47CD-9907-8B9A546BAEB6}.Debug|Any CPU.Build.0 = Debug|Any CPU
		{32E2F07F-267C-47CD-9907-8B9A546BAEB6}.Release|Any CPU.ActiveCfg = Release|Any CPU
		{32E2F07F-267C-47CD-9907-8B9A546BAEB6}.Release|Any CPU.Build.0 = Release|Any CPU
		{C283FED5-724C-4FEA-88C8-026A941849A8}.Debug|Any CPU.ActiveCfg = Debug|Any CPU
		{C283FED5-724C-4FEA-88C8-026A941849A8}.Debug|Any CPU.Build.0 = Debug|Any CPU
		{C283FED5-724C-4FEA-88C8-026A941849A8}.Release|Any CPU.ActiveCfg = Release|Any CPU
		{C283FED5-724C-4FEA-88C8-026A941849A8}.Release|Any CPU.Build.0 = Release|Any CPU
		{F74261CA-1002-4F72-9329-83F85EBC3C46}.Debug|Any CPU.ActiveCfg = Debug|Any CPU
		{F74261CA-1002-4F72-9329-83F85EBC3C46}.Debug|Any CPU.Build.0 = Debug|Any CPU
		{F74261CA-1002-4F72-9329-83F85EBC3C46}.Release|Any CPU.ActiveCfg = Release|Any CPU
		{F74261CA-1002-4F72-9329-83F85EBC3C46}.Release|Any CPU.Build.0 = Release|Any CPU
		{BEC83E24-0A91-46D6-9155-BDB17967911E}.Debug|Any CPU.ActiveCfg = Debug|Any CPU
		{BEC83E24-0A91-46D6-9155-BDB17967911E}.Debug|Any CPU.Build.0 = Debug|Any CPU
		{BEC83E24-0A91-46D6-9155-BDB17967911E}.Release|Any CPU.ActiveCfg = Release|Any CPU
		{BEC83E24-0A91-46D6-9155-BDB17967911E}.Release|Any CPU.Build.0 = Release|Any CPU
	EndGlobalSection
	GlobalSection(SolutionProperties) = preSolution
		HideSolutionNode = FALSE
	EndGlobalSection
	GlobalSection(NestedProjects) = preSolution
		{A6B73685-2563-44E4-B9CE-581CA4BE344B} = {E892A072-C9B7-4B17-AC82-B7F97B431C46}
		{32E2F07F-267C-47CD-9907-8B9A546BAEB6} = {8CBA5350-9C15-41FA-9852-5B6CF92E2F4F}
		{C283FED5-724C-4FEA-88C8-026A941849A8} = {E892A072-C9B7-4B17-AC82-B7F97B431C46}
		{F74261CA-1002-4F72-9329-83F85EBC3C46} = {FE005F34-4419-49BA-ADB6-50A44262D498}
		{BEC83E24-0A91-46D6-9155-BDB17967911E} = {3AF90243-304E-4B8B-8EF9-0EE8842437BB}
	EndGlobalSection
	GlobalSection(ExtensibilityGlobals) = postSolution
		SolutionGuid = {7E0DF39D-D632-408D-AEF6-4220153A26E2}
	EndGlobalSection
EndGlobal
